
Microsoft Visual Studio Solution File, Format Version 12.00
# Visual Studio Version 17
VisualStudioVersion = 17.0.32112.339
MinimumVisualStudioVersion = 10.0.40219.1
Project("{2150E333-8FDC-42A3-9474-1A3956D46DE8}") = "UTM.Book", "UTM.Book", "{BFC78D87-B247-4C14-B805-842862039F01}"
EndProject
Project("{9A19103F-16F7-4668-BE54-9A1E7A4F7556}") = "UTM.Service", "UTM.Book\UTM.Service\UTM.Service.csproj", "{186E6FBB-409C-4C71-B41F-92C393822F30}"
EndProject
Project("{9A19103F-16F7-4668-BE54-9A1E7A4F7556}") = "UTM.BookAPI", "UTM.Book\UTM.BookAPI\UTM.BookAPI.csproj", "{A0752A0F-0BB9-4D63-8DFC-04397889E63D}"
EndProject
Project("{9A19103F-16F7-4668-BE54-9A1E7A4F7556}") = "UTM.Repository.MongoDB", "UTM.Book\UTM.Repository.MongoDB\UTM.Repository.MongoDB.csproj", "{13679C4B-C660-4E5D-AEBA-1676855DAC54}"
EndProject
Project("{9A19103F-16F7-4668-BE54-9A1E7A4F7556}") = "UTM.Domain", "UTM.Book\UTM.Domain\UTM.Domain.csproj", "{F904724F-1377-409E-9995-5DBC47F9B8B4}"
EndProject
Project("{2150E333-8FDC-42A3-9474-1A3956D46DE8}") = "UTM.Proxy", "UTM.Proxy", "{3629E5AB-8AA4-4DC7-90AC-2CCED8C3FAE3}"
EndProject
Project("{FAE04EC0-301F-11D3-BF4B-00C04F79EFBC}") = "UTM.Proxy", "Proxy\UTM.Proxy.csproj", "{FEF0F728-C91F-479F-9BC1-2F9B0E1B457A}"
EndProject
Global
	GlobalSection(SolutionConfigurationPlatforms) = preSolution
		Debug|Any CPU = Debug|Any CPU
		Release|Any CPU = Release|Any CPU
	EndGlobalSection
	GlobalSection(ProjectConfigurationPlatforms) = postSolution
		{186E6FBB-409C-4C71-B41F-92C393822F30}.Debug|Any CPU.ActiveCfg = Debug|Any CPU
		{186E6FBB-409C-4C71-B41F-92C393822F30}.Debug|Any CPU.Build.0 = Debug|Any CPU
		{186E6FBB-409C-4C71-B41F-92C393822F30}.Release|Any CPU.ActiveCfg = Release|Any CPU
		{186E6FBB-409C-4C71-B41F-92C393822F30}.Release|Any CPU.Build.0 = Release|Any CPU
		{A0752A0F-0BB9-4D63-8DFC-04397889E63D}.Debug|Any CPU.ActiveCfg = Debug|Any CPU
		{A0752A0F-0BB9-4D63-8DFC-04397889E63D}.Debug|Any CPU.Build.0 = Debug|Any CPU
		{A0752A0F-0BB9-4D63-8DFC-04397889E63D}.Release|Any CPU.ActiveCfg = Release|Any CPU
		{A0752A0F-0BB9-4D63-8DFC-04397889E63D}.Release|Any CPU.Build.0 = Release|Any CPU
		{13679C4B-C660-4E5D-AEBA-1676855DAC54}.Debug|Any CPU.ActiveCfg = Debug|Any CPU
		{13679C4B-C660-4E5D-AEBA-1676855DAC54}.Debug|Any CPU.Build.0 = Debug|Any CPU
		{13679C4B-C660-4E5D-AEBA-1676855DAC54}.Release|Any CPU.ActiveCfg = Release|Any CPU
		{13679C4B-C660-4E5D-AEBA-1676855DAC54}.Release|Any CPU.Build.0 = Release|Any CPU
		{F904724F-1377-409E-9995-5DBC47F9B8B4}.Debug|Any CPU.ActiveCfg = Debug|Any CPU
		{F904724F-1377-409E-9995-5DBC47F9B8B4}.Debug|Any CPU.Build.0 = Debug|Any CPU
		{F904724F-1377-409E-9995-5DBC47F9B8B4}.Release|Any CPU.ActiveCfg = Release|Any CPU
		{F904724F-1377-409E-9995-5DBC47F9B8B4}.Release|Any CPU.Build.0 = Release|Any CPU
		{FEF0F728-C91F-479F-9BC1-2F9B0E1B457A}.Debug|Any CPU.ActiveCfg = Debug|Any CPU
		{FEF0F728-C91F-479F-9BC1-2F9B0E1B457A}.Debug|Any CPU.Build.0 = Debug|Any CPU
		{FEF0F728-C91F-479F-9BC1-2F9B0E1B457A}.Release|Any CPU.ActiveCfg = Release|Any CPU
		{FEF0F728-C91F-479F-9BC1-2F9B0E1B457A}.Release|Any CPU.Build.0 = Release|Any CPU
	EndGlobalSection
	GlobalSection(SolutionProperties) = preSolution
		HideSolutionNode = FALSE
	EndGlobalSection
	GlobalSection(NestedProjects) = preSolution
		{186E6FBB-409C-4C71-B41F-92C393822F30} = {BFC78D87-B247-4C14-B805-842862039F01}
		{A0752A0F-0BB9-4D63-8DFC-04397889E63D} = {BFC78D87-B247-4C14-B805-842862039F01}
		{13679C4B-C660-4E5D-AEBA-1676855DAC54} = {BFC78D87-B247-4C14-B805-842862039F01}
		{F904724F-1377-409E-9995-5DBC47F9B8B4} = {BFC78D87-B247-4C14-B805-842862039F01}
		{FEF0F728-C91F-479F-9BC1-2F9B0E1B457A} = {3629E5AB-8AA4-4DC7-90AC-2CCED8C3FAE3}
	EndGlobalSection
	GlobalSection(ExtensibilityGlobals) = postSolution
		SolutionGuid = {31BDA19D-0E5F-4785-8098-A85971C575BF}
	EndGlobalSection
EndGlobal
